
Microsoft Visual Studio Solution File, Format Version 12.00
# Visual Studio Version 17
VisualStudioVersion = 17.0.31912.275
MinimumVisualStudioVersion = 10.0.40219.1
Project("{9A19103F-16F7-4668-BE54-9A1E7A4F7556}") = "ShopClient", "ShopClient\ShopClient.csproj", "{912D8D7F-5ED9-4073-BB30-4F1D1A60A055}"
EndProject
Global
	GlobalSection(SolutionConfigurationPlatforms) = preSolution
		Debug|Any CPU = Debug|Any CPU
		Release|Any CPU = Release|Any CPU
	EndGlobalSection
	GlobalSection(ProjectConfigurationPlatforms) = postSolution
		{912D8D7F-5ED9-4073-BB30-4F1D1A60A055}.Debug|Any CPU.ActiveCfg = Debug|Any CPU
		{912D8D7F-5ED9-4073-BB30-4F1D1A60A055}.Debug|Any CPU.Build.0 = Debug|Any CPU
		{912D8D7F-5ED9-4073-BB30-4F1D1A60A055}.Release|Any CPU.ActiveCfg = Release|Any CPU
		{912D8D7F-5ED9-4073-BB30-4F1D1A60A055}.Release|Any CPU.Build.0 = Release|Any CPU
	EndGlobalSection
	GlobalSection(SolutionProperties) = preSolution
		HideSolutionNode = FALSE
	EndGlobalSection
	GlobalSection(ExtensibilityGlobals) = postSolution
		SolutionGuid = {50649148-96A9-4EA6-95A6-2F16EE1AACF3}
	EndGlobalSection
EndGlobal
